
Microsoft Visual Studio Solution File, Format Version 11.00
# Visual Studio 2010
Project("{FAE04EC0-301F-11D3-BF4B-00C04F79EFBC}") = "HellMessengerL", "HellMessengerL\HellMessengerL.csproj", "{FE1BFBCB-A0CB-4E55-8AD8-AF9EF503D5DD}"
EndProject
Global
	GlobalSection(SolutionConfigurationPlatforms) = preSolution
		Debug|x86 = Debug|x86
		Release|x86 = Release|x86
	EndGlobalSection
	GlobalSection(ProjectConfigurationPlatforms) = postSolution
		{FE1BFBCB-A0CB-4E55-8AD8-AF9EF503D5DD}.Debug|x86.ActiveCfg = Debug|x86
		{FE1BFBCB-A0CB-4E55-8AD8-AF9EF503D5DD}.Debug|x86.Build.0 = Debug|x86
		{FE1BFBCB-A0CB-4E55-8AD8-AF9EF503D5DD}.Release|x86.ActiveCfg = Release|x86
		{FE1BFBCB-A0CB-4E55-8AD8-AF9EF503D5DD}.Release|x86.Build.0 = Release|x86
	EndGlobalSection
	GlobalSection(MonoDevelopProperties) = preSolution
		StartupItem = HellMessengerL\HellMessengerL.csproj
	EndGlobalSection
EndGlobal
